# This file is automatically @generated by Cargo.
# It is not intended for manual editing.
version = 4

[[package]]
name = "aoc2025-day3"
version = "0.1.0"

[[package]]
name = "binary-heap-plus"
version = "0.5.0"
source = "registry+https://github.com/rust-lang/crates.io-index"
checksum = "e4551d8382e911ecc0d0f0ffb602777988669be09447d536ff4388d1def11296"
dependencies = [
 "compare",
]

[[package]]
name = "compare"
version = "0.1.0"
source = "registry+https://github.com/rust-lang/crates.io-index"
checksum = "120133d4db2ec47efe2e26502ee984747630c67f51974fca0b6c1340cf2368d3"

[[package]]
name = "day4"
version = "0.1.0"

[[package]]
name = "day5"
version = "0.1.0"

[[package]]
name = "day6"
version = "0.1.0"

[[package]]
name = "day7"
version = "0.1.0"

[[package]]
name = "day8"
version = "0.1.0"

[[package]]
name = "day9"
version = "0.1.0"
dependencies = [
 "binary-heap-plus",
 "compare",
]
